PODS:
  - BXLoadMoreControl (2.0.0):
    - PinAuto (~> 2.0)
  - PinAuto (2.0)

DEPENDENCIES:
  - BXLoadMoreControl (from `../`)

EXTERNAL SOURCES:
  BXLoadMoreControl:
    :path: ../

SPEC CHECKSUMS:
  BXLoadMoreControl: 051e46e88cda674bb9a5eb5fab99cd39bed8df8b
  PinAuto: c17b09abc2710d60f523f397890bca0572d489e3

PODFILE CHECKSUM: d123c3c0b50a70f90aa8512a5d4f718cebae0f5a

COCOAPODS: 1.1.0.rc.2
